{
  "name": "openweather-signalk",
  "version": "0.8.0",
  "lockfileVersion": 3,
  "requires": true,
  "packages": {
    "": {
      "name": "openweather-signalk",
      "version": "0.8.0",
      "license": "MIT",
      "dependencies": {
        "debug": "^4.3.4",
        "openweather-apis": "git+https://github.com/adam6806/openweather-apis.git#API-v3.0"
      }
    },
    "node_modules/debug": {
      "version": "4.3.4",
      "resolved": "https://registry.npmjs.org/debug/-/debug-4.3.4.tgz",
      "integrity": "sha512-PRWFHuSU3eDtQJPvnNY7Jcket1j0t5OuOsFzPPzsekD52Zl8qUfFIPEiswXqIvHWGVHOgX+7G/vCNNhehwxfkQ==",
      "dependencies": {
        "ms": "2.1.2"
      },
      "engines": {
        "node": ">=6.0"
      },
      "peerDependenciesMeta": {
        "supports-color": {
          "optional": true
        }
      }
    },
    "node_modules/ms": {
      "version": "2.1.2",
      "resolved": "https://registry.npmjs.org/ms/-/ms-2.1.2.tgz",
      "integrity": "sha512-sGkPx+VjMtmA6MX27oA4FBFELFCZZ4S4XqeGOXCv68tT+jb3vk/RyaKWP0PTKyWtmLSM0b+adUTEvbs1PEaH2w=="
    },
    "node_modules/openweather-apis": {
      "version": "4.4.1",
      "resolved": "git+ssh://git@github.com/adam6806/openweather-apis.git#8d9b1f9c91a7a28b4149354d469bca791979fc20",
      "license": "MIT"
    }
  }
}
